
Microsoft Visual Studio Solution File, Format Version 12.00
# Visual Studio Version 16
VisualStudioVersion = 16.0.31105.61
MinimumVisualStudioVersion = 10.0.40219.1
Project("{8BC9CEB8-8B4A-11D0-8D11-00A0C91BC942}") = "QueueFromPointer", "QueueFromPointer\QueueFromPointer.vcxproj", "{47B7AC46-8A6A-456E-83C2-27B536B5E72D}"
EndProject
Global
	GlobalSection(SolutionConfigurationPlatforms) = preSolution
		Debug|x64 = Debug|x64
		Debug|x86 = Debug|x86
		Release|x64 = Release|x64
		Release|x86 = Release|x86
	EndGlobalSection
	GlobalSection(ProjectConfigurationPlatforms) = postSolution
		{47B7AC46-8A6A-456E-83C2-27B536B5E72D}.Debug|x64.ActiveCfg = Debug|x64
		{47B7AC46-8A6A-456E-83C2-27B536B5E72D}.Debug|x64.Build.0 = Debug|x64
		{47B7AC46-8A6A-456E-83C2-27B536B5E72D}.Debug|x86.ActiveCfg = Debug|Win32
		{47B7AC46-8A6A-456E-83C2-27B536B5E72D}.Debug|x86.Build.0 = Debug|Win32
		{47B7AC46-8A6A-456E-83C2-27B536B5E72D}.Release|x64.ActiveCfg = Release|x64
		{47B7AC46-8A6A-456E-83C2-27B536B5E72D}.Release|x64.Build.0 = Release|x64
		{47B7AC46-8A6A-456E-83C2-27B536B5E72D}.Release|x86.ActiveCfg = Release|Win32
		{47B7AC46-8A6A-456E-83C2-27B536B5E72D}.Release|x86.Build.0 = Release|Win32
	EndGlobalSection
	GlobalSection(SolutionProperties) = preSolution
		HideSolutionNode = FALSE
	EndGlobalSection
	GlobalSection(ExtensibilityGlobals) = postSolution
		SolutionGuid = {8F7800B0-C6CD-41C0-9EB4-D288658F61A3}
	EndGlobalSection
EndGlobal
